
Microsoft Visual Studio Solution File, Format Version 12.00
# Visual Studio Version 16
VisualStudioVersion = 16.0.29905.134
MinimumVisualStudioVersion = 10.0.40219.1
Project("{FAE04EC0-301F-11D3-BF4B-00C04F79EFBC}") = "SRcenter", "SRcenter\SRcenter.csproj", "{C78F39BC-27EC-49B6-AAC7-EA63C2594906}"
EndProject
Global
	GlobalSection(SolutionConfigurationPlatforms) = preSolution
		Debug|Any CPU = Debug|Any CPU
		Release|Any CPU = Release|Any CPU
	EndGlobalSection
	GlobalSection(ProjectConfigurationPlatforms) = postSolution
		{C78F39BC-27EC-49B6-AAC7-EA63C2594906}.Debug|Any CPU.ActiveCfg = Debug|Any CPU
		{C78F39BC-27EC-49B6-AAC7-EA63C2594906}.Debug|Any CPU.Build.0 = Debug|Any CPU
		{C78F39BC-27EC-49B6-AAC7-EA63C2594906}.Release|Any CPU.ActiveCfg = Release|Any CPU
		{C78F39BC-27EC-49B6-AAC7-EA63C2594906}.Release|Any CPU.Build.0 = Release|Any CPU
	EndGlobalSection
	GlobalSection(SolutionProperties) = preSolution
		HideSolutionNode = FALSE
	EndGlobalSection
	GlobalSection(ExtensibilityGlobals) = postSolution
		SolutionGuid = {BEE19CAF-EBF2-48AF-B845-80B3E303D1C1}
	EndGlobalSection
EndGlobal
